dependencies:
  idf:
    component_hash: null
    source:
      type: idf
    version: 4.4.4
  lvgl/lvgl:
    component_hash: 7b7ee85e48c2eb35bb242a8c7e0e4cd702e150541afb3f69089fb7ba81554d14
    source:
      service_url: https://api.components.espressif.com/
      type: service
    version: 8.3.0
manifest_hash: 9bdf4ae2f5acf7b63f6b9b8542bfd2ef39e6d5dfc2abb9bf137dfbdd4ca1377a
target: esp32s3
version: 1.0.0
